
Microsoft Visual Studio Solution File, Format Version 12.00
# Visual Studio 15
VisualStudioVersion = 15.0.28307.645
MinimumVisualStudioVersion = 10.0.40219.1
Project("{FAE04EC0-301F-11D3-BF4B-00C04F79EFBC}") = "ExtensionDemo", "ExtensionDemo\ExtensionDemo.csproj", "{0001F5E6-B50F-4F41-A4F8-73E01DEE0B45}"
EndProject
Project("{FAE04EC0-301F-11D3-BF4B-00C04F79EFBC}") = "ExtensionMethods", "ExtensionMethods\ExtensionMethods.csproj", "{4C2C2535-2588-48A6-8221-844EFB812C34}"
EndProject
Global
	GlobalSection(SolutionConfigurationPlatforms) = preSolution
		Debug|Any CPU = Debug|Any CPU
		Release|Any CPU = Release|Any CPU
	EndGlobalSection
	GlobalSection(ProjectConfigurationPlatforms) = postSolution
		{0001F5E6-B50F-4F41-A4F8-73E01DEE0B45}.Debug|Any CPU.ActiveCfg = Debug|Any CPU
		{0001F5E6-B50F-4F41-A4F8-73E01DEE0B45}.Debug|Any CPU.Build.0 = Debug|Any CPU
		{0001F5E6-B50F-4F41-A4F8-73E01DEE0B45}.Release|Any CPU.ActiveCfg = Release|Any CPU
		{0001F5E6-B50F-4F41-A4F8-73E01DEE0B45}.Release|Any CPU.Build.0 = Release|Any CPU
		{4C2C2535-2588-48A6-8221-844EFB812C34}.Debug|Any CPU.ActiveCfg = Debug|Any CPU
		{4C2C2535-2588-48A6-8221-844EFB812C34}.Debug|Any CPU.Build.0 = Debug|Any CPU
		{4C2C2535-2588-48A6-8221-844EFB812C34}.Release|Any CPU.ActiveCfg = Release|Any CPU
		{4C2C2535-2588-48A6-8221-844EFB812C34}.Release|Any CPU.Build.0 = Release|Any CPU
	EndGlobalSection
	GlobalSection(SolutionProperties) = preSolution
		HideSolutionNode = FALSE
	EndGlobalSection
	GlobalSection(ExtensibilityGlobals) = postSolution
		SolutionGuid = {3EC85D06-66F6-46EA-A4D6-34D54680AC12}
	EndGlobalSection
EndGlobal
