
Microsoft Visual Studio Solution File, Format Version 12.00
# Visual Studio 15
VisualStudioVersion = 15.0.28307.645
MinimumVisualStudioVersion = 10.0.40219.1
Project("{FAE04EC0-301F-11D3-BF4B-00C04F79EFBC}") = "IntegratedVueJSAspNet", "IntegratedVueJSAspNet\IntegratedVueJSAspNet.csproj", "{64D5EE92-C5EE-4DC1-A7D3-7DBB4699E7AD}"
EndProject
Global
	GlobalSection(SolutionConfigurationPlatforms) = preSolution
		Debug|Any CPU = Debug|Any CPU
		Release|Any CPU = Release|Any CPU
	EndGlobalSection
	GlobalSection(ProjectConfigurationPlatforms) = postSolution
		{64D5EE92-C5EE-4DC1-A7D3-7DBB4699E7AD}.Debug|Any CPU.ActiveCfg = Debug|Any CPU
		{64D5EE92-C5EE-4DC1-A7D3-7DBB4699E7AD}.Debug|Any CPU.Build.0 = Debug|Any CPU
		{64D5EE92-C5EE-4DC1-A7D3-7DBB4699E7AD}.Release|Any CPU.ActiveCfg = Release|Any CPU
		{64D5EE92-C5EE-4DC1-A7D3-7DBB4699E7AD}.Release|Any CPU.Build.0 = Release|Any CPU
	EndGlobalSection
	GlobalSection(SolutionProperties) = preSolution
		HideSolutionNode = FALSE
	EndGlobalSection
	GlobalSection(ExtensibilityGlobals) = postSolution
		SolutionGuid = {C6A0B76B-0226-4EE8-8FAE-8F346A5C993F}
	EndGlobalSection
EndGlobal
